
Microsoft Visual Studio Solution File, Format Version 12.00
# Visual Studio Version 17
VisualStudioVersion = 17.11.35312.102
MinimumVisualStudioVersion = 10.0.40219.1
Project("{FAE04EC0-301F-11D3-BF4B-00C04F79EFBC}") = "BattleForAzuraTLOV", "BattleForAzuraTLOV.csproj", "{D1FD0CE6-62B8-4436-975A-933AAB77BEAE}"
EndProject
Global
	GlobalSection(SolutionConfigurationPlatforms) = preSolution
		Debug|Any CPU = Debug|Any CPU
		Release|Any CPU = Release|Any CPU
	EndGlobalSection
	GlobalSection(ProjectConfigurationPlatforms) = postSolution
		{D1FD0CE6-62B8-4436-975A-933AAB77BEAE}.Debug|Any CPU.ActiveCfg = Debug|Any CPU
		{D1FD0CE6-62B8-4436-975A-933AAB77BEAE}.Debug|Any CPU.Build.0 = Debug|Any CPU
		{D1FD0CE6-62B8-4436-975A-933AAB77BEAE}.Debug|Any CPU.Deploy.0 = Debug|Any CPU
		{D1FD0CE6-62B8-4436-975A-933AAB77BEAE}.Release|Any CPU.ActiveCfg = Release|Any CPU
		{D1FD0CE6-62B8-4436-975A-933AAB77BEAE}.Release|Any CPU.Build.0 = Release|Any CPU
		{D1FD0CE6-62B8-4436-975A-933AAB77BEAE}.Release|Any CPU.Deploy.0 = Release|Any CPU
	EndGlobalSection
	GlobalSection(SolutionProperties) = preSolution
		HideSolutionNode = FALSE
	EndGlobalSection
	GlobalSection(ExtensibilityGlobals) = postSolution
		SolutionGuid = {81310DE3-65F6-4C39-BAFD-6AEA71C17FD1}
	EndGlobalSection
EndGlobal
